
Microsoft Visual Studio Solution File, Format Version 12.00
# Visual Studio 15
VisualStudioVersion = 15.0.28307.1525
MinimumVisualStudioVersion = 10.0.40219.1
Project("{8BC9CEB8-8B4A-11D0-8D11-00A0C91BC942}") = "Pipe_server_cplusplus", "Pipe_server_cplusplus\Pipe_server_cplusplus.vcxproj", "{C3AF07E2-EE8F-4162-8305-CEBB0FD49DD8}"
EndProject
Global
	GlobalSection(SolutionConfigurationPlatforms) = preSolution
		Debug|x64 = Debug|x64
		Debug|x86 = Debug|x86
		Release|x64 = Release|x64
		Release|x86 = Release|x86
	EndGlobalSection
	GlobalSection(ProjectConfigurationPlatforms) = postSolution
		{C3AF07E2-EE8F-4162-8305-CEBB0FD49DD8}.Debug|x64.ActiveCfg = Debug|x64
		{C3AF07E2-EE8F-4162-8305-CEBB0FD49DD8}.Debug|x64.Build.0 = Debug|x64
		{C3AF07E2-EE8F-4162-8305-CEBB0FD49DD8}.Debug|x86.ActiveCfg = Debug|Win32
		{C3AF07E2-EE8F-4162-8305-CEBB0FD49DD8}.Debug|x86.Build.0 = Debug|Win32
		{C3AF07E2-EE8F-4162-8305-CEBB0FD49DD8}.Release|x64.ActiveCfg = Release|x64
		{C3AF07E2-EE8F-4162-8305-CEBB0FD49DD8}.Release|x64.Build.0 = Release|x64
		{C3AF07E2-EE8F-4162-8305-CEBB0FD49DD8}.Release|x86.ActiveCfg = Release|Win32
		{C3AF07E2-EE8F-4162-8305-CEBB0FD49DD8}.Release|x86.Build.0 = Release|Win32
	EndGlobalSection
	GlobalSection(SolutionProperties) = preSolution
		HideSolutionNode = FALSE
	EndGlobalSection
	GlobalSection(ExtensibilityGlobals) = postSolution
		SolutionGuid = {01BC5FE0-0BEE-454B-8FE1-EA14607E52B1}
	EndGlobalSection
EndGlobal
